
Microsoft Visual Studio Solution File, Format Version 12.00
# Visual Studio Version 16
VisualStudioVersion = 16.0.30611.23
MinimumVisualStudioVersion = 10.0.40219.1
Project("{FAE04EC0-301F-11D3-BF4B-00C04F79EFBC}") = "QuanLyCuaHangThoiTrang", "QuanLyCuaHangThoiTrang\QuanLyCuaHangThoiTrang.csproj", "{A6D89D3E-C2F6-4D07-BFEE-1CDECFA5C50D}"
EndProject
Project("{FAE04EC0-301F-11D3-BF4B-00C04F79EFBC}") = "QuanLyCuaHangThoiTrang.Model", "QuanLyCuaHangThoiTrang.Model\QuanLyCuaHangThoiTrang.Model.csproj", "{3F903223-2F35-4697-B15E-5E54261E8D47}"
EndProject
Global
	GlobalSection(SolutionConfigurationPlatforms) = preSolution
		Debug|Any CPU = Debug|Any CPU
		Release|Any CPU = Release|Any CPU
	EndGlobalSection
	GlobalSection(ProjectConfigurationPlatforms) = postSolution
		{A6D89D3E-C2F6-4D07-BFEE-1CDECFA5C50D}.Debug|Any CPU.ActiveCfg = Debug|Any CPU
		{A6D89D3E-C2F6-4D07-BFEE-1CDECFA5C50D}.Debug|Any CPU.Build.0 = Debug|Any CPU
		{A6D89D3E-C2F6-4D07-BFEE-1CDECFA5C50D}.Release|Any CPU.ActiveCfg = Release|Any CPU
		{A6D89D3E-C2F6-4D07-BFEE-1CDECFA5C50D}.Release|Any CPU.Build.0 = Release|Any CPU
		{3F903223-2F35-4697-B15E-5E54261E8D47}.Debug|Any CPU.ActiveCfg = Debug|Any CPU
		{3F903223-2F35-4697-B15E-5E54261E8D47}.Debug|Any CPU.Build.0 = Debug|Any CPU
		{3F903223-2F35-4697-B15E-5E54261E8D47}.Release|Any CPU.ActiveCfg = Release|Any CPU
		{3F903223-2F35-4697-B15E-5E54261E8D47}.Release|Any CPU.Build.0 = Release|Any CPU
	EndGlobalSection
	GlobalSection(SolutionProperties) = preSolution
		HideSolutionNode = FALSE
	EndGlobalSection
	GlobalSection(ExtensibilityGlobals) = postSolution
		SolutionGuid = {FCF1284D-A9B7-4335-8DC6-2D4B39B73635}
	EndGlobalSection
EndGlobal
